// !$*UTF8*$!
{
	archiveVersion = 1;
	classes = {
	};
	objectVersion = 51;
	objects = {

/* Begin PBXBuildFile section */
		50DF6004699596699CF20CE6 /* Pods_WeatherApp.framework in Frameworks */ = {isa = PBXBuildFile; fileRef = 8BD8D99D8F07A37744549C67 /* Pods_WeatherApp.framework */; };
		C792FF5E24E16C7A00F95775 /* AppDelegate.swift in Sources */ = {isa = PBXBuildFile; fileRef = C792FF5D24E16C7A00F95775 /* AppDelegate.swift */; };
		C792FF6024E16C7A00F95775 /* SceneDelegate.swift in Sources */ = {isa = PBXBuildFile; fileRef = C792FF5F24E16C7A00F95775 /* SceneDelegate.swift */; };
		C792FF6724E16C7D00F95775 /* Assets.xcassets in Resources */ = {isa = PBXBuildFile; fileRef = C792FF6624E16C7D00F95775 /* Assets.xcassets */; };
		C792FF6A24E16C7D00F95775 /* LaunchScreen.storyboard in Resources */ = {isa = PBXBuildFile; fileRef = C792FF6824E16C7D00F95775 /* LaunchScreen.storyboard */; };
		C792FF8E24E16D6500F95775 /* CitiesViewController.swift in Sources */ = {isa = PBXBuildFile; fileRef = C792FF8D24E16D6500F95775 /* CitiesViewController.swift */; };
		C792FF9024E2B24A00F95775 /* CityOverviewTableViewCell.swift in Sources */ = {isa = PBXBuildFile; fileRef = C792FF8F24E2B24A00F95775 /* CityOverviewTableViewCell.swift */; };
		C792FF9224E2B28400F95775 /* CityWeather.swift in Sources */ = {isa = PBXBuildFile; fileRef = C792FF9124E2B28400F95775 /* CityWeather.swift */; };
		C792FF9424E2F4A600F95775 /* NetworkManager.swift in Sources */ = {isa = PBXBuildFile; fileRef = C792FF9324E2F4A600F95775 /* NetworkManager.swift */; };
		C792FF9724E2F4FF00F95775 /* WeatherData.swift in Sources */ = {isa = PBXBuildFile; fileRef = C792FF9624E2F4FF00F95775 /* WeatherData.swift */; };
		C792FF9924E4150D00F95775 /* AddElementButton.swift in Sources */ = {isa = PBXBuildFile; fileRef = C792FF9824E4150D00F95775 /* AddElementButton.swift */; };
		C792FF9B24E427F000F95775 /* SearchCityViewController.swift in Sources */ = {isa = PBXBuildFile; fileRef = C792FF9A24E427F000F95775 /* SearchCityViewController.swift */; };
		C792FF9D24E5A4C200F95775 /* UserCities.swift in Sources */ = {isa = PBXBuildFile; fileRef = C792FF9C24E5A4C200F95775 /* UserCities.swift */; };
		C792FF9F24E5A54700F95775 /* CitiesPresenter.swift in Sources */ = {isa = PBXBuildFile; fileRef = C792FF9E24E5A54700F95775 /* CitiesPresenter.swift */; };
		C792FFA424E5B02C00F95775 /* SearchCityPresenter.swift in Sources */ = {isa = PBXBuildFile; fileRef = C792FFA324E5B02C00F95775 /* SearchCityPresenter.swift */; };
		C792FFA624E67EF700F95775 /* DataBaseManager.swift in Sources */ = {isa = PBXBuildFile; fileRef = C792FFA524E67EF700F95775 /* DataBaseManager.swift */; };
		C792FFAB24F3DB1000F95775 /* SearchCItyRouter.swift in Sources */ = {isa = PBXBuildFile; fileRef = C792FFAA24F3DB1000F95775 /* SearchCItyRouter.swift */; };
		C792FFAE24F3DB3100F95775 /* SearchCityInteractor.swift in Sources */ = {isa = PBXBuildFile; fileRef = C792FFAD24F3DB3100F95775 /* SearchCityInteractor.swift */; };
		C792FFB124F3DB5C00F95775 /* SearchCityConfigurator.swift in Sources */ = {isa = PBXBuildFile; fileRef = C792FFB024F3DB5C00F95775 /* SearchCityConfigurator.swift */; };
		C792FFB624F3DF3500F95775 /* SearchCityProtocols.swift in Sources */ = {isa = PBXBuildFile; fileRef = C792FFB524F3DF3500F95775 /* SearchCityProtocols.swift */; };
		C792FFB924F6E08C00F95775 /* CellFactory.swift in Sources */ = {isa = PBXBuildFile; fileRef = C792FFB824F6E08C00F95775 /* CellFactory.swift */; };
		C792FFBB24F7B5A600F95775 /* CitiesInteractor.swift in Sources */ = {isa = PBXBuildFile; fileRef = C792FFBA24F7B5A600F95775 /* CitiesInteractor.swift */; };
		C792FFBD24F7B5BF00F95775 /* CitiesConfigurator.swift in Sources */ = {isa = PBXBuildFile; fileRef = C792FFBC24F7B5BF00F95775 /* CitiesConfigurator.swift */; };
		C792FFBF24F7B5CA00F95775 /* CitiesRouter.swift in Sources */ = {isa = PBXBuildFile; fileRef = C792FFBE24F7B5CA00F95775 /* CitiesRouter.swift */; };
		C792FFC124F7B63F00F95775 /* CitiesProtocols.swift in Sources */ = {isa = PBXBuildFile; fileRef = C792FFC024F7B63F00F95775 /* CitiesProtocols.swift */; };
/* End PBXBuildFile section */

/* Begin PBXContainerItemProxy section */
		C792FF7124E16C7D00F95775 /* PBXContainerItemProxy */ = {
			isa = PBXContainerItemProxy;
			containerPortal = C792FF5224E16C7900F95775 /* Project object */;
			proxyType = 1;
			remoteGlobalIDString = C792FF5924E16C7900F95775;
			remoteInfo = WeatherApp;
		};
		C792FF7C24E16C7D00F95775 /* PBXContainerItemProxy */ = {
			isa = PBXContainerItemProxy;
			containerPortal = C792FF5224E16C7900F95775 /* Project object */;
			proxyType = 1;
			remoteGlobalIDString = C792FF5924E16C7900F95775;
			remoteInfo = WeatherApp;
		};
/* End PBXContainerItemProxy section */

/* Begin PBXFileReference section */
		42AB594AFD88284B9E4C46F4 /* Pods-WeatherApp.release.xcconfig */ = {isa = PBXFileReference; includeInIndex = 1; lastKnownFileType = text.xcconfig; name = "Pods-WeatherApp.release.xcconfig"; path = "Target Support Files/Pods-WeatherApp/Pods-WeatherApp.release.xcconfig"; sourceTree = "<group>"; };
		8BD8D99D8F07A37744549C67 /* Pods_WeatherApp.framework */ = {isa = PBXFileReference; explicitFileType = wrapper.framework; includeInIndex = 0; path = Pods_WeatherApp.framework; sourceTree = BUILT_PRODUCTS_DIR; };
		C792FF5A24E16C7900F95775 /* WeatherApp.app */ = {isa = PBXFileReference; explicitFileType = wrapper.application; includeInIndex = 0; path = WeatherApp.app; sourceTree = BUILT_PRODUCTS_DIR; };
		C792FF5D24E16C7A00F95775 /* AppDelegate.swift */ = {isa = PBXFileReference; lastKnownFileType = sourcecode.swift; path = AppDelegate.swift; sourceTree = "<group>"; };
		C792FF5F24E16C7A00F95775 /* SceneDelegate.swift */ = {isa = PBXFileReference; lastKnownFileType = sourcecode.swift; path = SceneDelegate.swift; sourceTree = "<group>"; };
		C792FF6624E16C7D00F95775 /* Assets.xcassets */ = {isa = PBXFileReference; lastKnownFileType = folder.assetcatalog; path = Assets.xcassets; sourceTree = "<group>"; };
		C792FF6924E16C7D00F95775 /* Base */ = {isa = PBXFileReference; lastKnownFileType = file.storyboard; name = Base; path = Base.lproj/LaunchScreen.storyboard; sourceTree = "<group>"; };
		C792FF6B24E16C7D00F95775 /* Info.plist */ = {isa = PBXFileReference; lastKnownFileType = text.plist.xml; path = Info.plist; sourceTree = "<group>"; };
		C792FF7024E16C7D00F95775 /* WeatherAppTests.xctest */ = {isa = PBXFileReference; explicitFileType = wrapper.cfbundle; includeInIndex = 0; path = WeatherAppTests.xctest; sourceTree = BUILT_PRODUCTS_DIR; };
		C792FF7B24E16C7D00F95775 /* WeatherAppUITests.xctest */ = {isa = PBXFileReference; explicitFileType = wrapper.cfbundle; includeInIndex = 0; path = WeatherAppUITests.xctest; sourceTree = BUILT_PRODUCTS_DIR; };
		C792FF8D24E16D6500F95775 /* CitiesViewController.swift */ = {isa = PBXFileReference; lastKnownFileType = sourcecode.swift; path = CitiesViewController.swift; sourceTree = "<group>"; };
		C792FF8F24E2B24A00F95775 /* CityOverviewTableViewCell.swift */ = {isa = PBXFileReference; lastKnownFileType = sourcecode.swift; path = CityOverviewTableViewCell.swift; sourceTree = "<group>"; };
		C792FF9124E2B28400F95775 /* CityWeather.swift */ = {isa = PBXFileReference; lastKnownFileType = sourcecode.swift; path = CityWeather.swift; sourceTree = "<group>"; };
		C792FF9324E2F4A600F95775 /* NetworkManager.swift */ = {isa = PBXFileReference; lastKnownFileType = sourcecode.swift; path = NetworkManager.swift; sourceTree = "<group>"; };
		C792FF9624E2F4FF00F95775 /* WeatherData.swift */ = {isa = PBXFileReference; lastKnownFileType = sourcecode.swift; path = WeatherData.swift; sourceTree = "<group>"; };
		C792FF9824E4150D00F95775 /* AddElementButton.swift */ = {isa = PBXFileReference; lastKnownFileType = sourcecode.swift; path = AddElementButton.swift; sourceTree = "<group>"; };
		C792FF9A24E427F000F95775 /* SearchCityViewController.swift */ = {isa = PBXFileReference; lastKnownFileType = sourcecode.swift; path = SearchCityViewController.swift; sourceTree = "<group>"; };
		C792FF9C24E5A4C200F95775 /* UserCities.swift */ = {isa = PBXFileReference; lastKnownFileType = sourcecode.swift; path = UserCities.swift; sourceTree = "<group>"; };
		C792FF9E24E5A54700F95775 /* CitiesPresenter.swift */ = {isa = PBXFileReference; lastKnownFileType = sourcecode.swift; path = CitiesPresenter.swift; sourceTree = "<group>"; };
		C792FFA324E5B02C00F95775 /* SearchCityPresenter.swift */ = {isa = PBXFileReference; lastKnownFileType = sourcecode.swift; path = SearchCityPresenter.swift; sourceTree = "<group>"; };
		C792FFA524E67EF700F95775 /* DataBaseManager.swift */ = {isa = PBXFileReference; lastKnownFileType = sourcecode.swift; path = DataBaseManager.swift; sourceTree = "<group>"; };
		C792FFAA24F3DB1000F95775 /* SearchCItyRouter.swift */ = {isa = PBXFileReference; lastKnownFileType = sourcecode.swift; path = SearchCItyRouter.swift; sourceTree = "<group>"; };
		C792FFAD24F3DB3100F95775 /* SearchCityInteractor.swift */ = {isa = PBXFileReference; lastKnownFileType = sourcecode.swift; path = SearchCityInteractor.swift; sourceTree = "<group>"; };
		C792FFB024F3DB5C00F95775 /* SearchCityConfigurator.swift */ = {isa = PBXFileReference; lastKnownFileType = sourcecode.swift; path = SearchCityConfigurator.swift; sourceTree = "<group>"; };
		C792FFB524F3DF3500F95775 /* SearchCityProtocols.swift */ = {isa = PBXFileReference; lastKnownFileType = sourcecode.swift; path = SearchCityProtocols.swift; sourceTree = "<group>"; };
		C792FFB824F6E08C00F95775 /* CellFactory.swift */ = {isa = PBXFileReference; lastKnownFileType = sourcecode.swift; path = CellFactory.swift; sourceTree = "<group>"; };
		C792FFBA24F7B5A600F95775 /* CitiesInteractor.swift */ = {isa = PBXFileReference; lastKnownFileType = sourcecode.swift; path = CitiesInteractor.swift; sourceTree = "<group>"; };
		C792FFBC24F7B5BF00F95775 /* CitiesConfigurator.swift */ = {isa = PBXFileReference; lastKnownFileType = sourcecode.swift; path = CitiesConfigurator.swift; sourceTree = "<group>"; };
		C792FFBE24F7B5CA00F95775 /* CitiesRouter.swift */ = {isa = PBXFileReference; lastKnownFileType = sourcecode.swift; path = CitiesRouter.swift; sourceTree = "<group>"; };
		C792FFC024F7B63F00F95775 /* CitiesProtocols.swift */ = {isa = PBXFileReference; lastKnownFileType = sourcecode.swift; path = CitiesProtocols.swift; sourceTree = "<group>"; };
		CE99F63EA25FE5BF5A614896 /* Pods-WeatherApp.debug.xcconfig */ = {isa = PBXFileReference; includeInIndex = 1; lastKnownFileType = text.xcconfig; name = "Pods-WeatherApp.debug.xcconfig"; path = "Target Support Files/Pods-WeatherApp/Pods-WeatherApp.debug.xcconfig"; sourceTree = "<group>"; };
/* End PBXFileReference section */

/* Begin PBXFrameworksBuildPhase section */
		C792FF5724E16C7900F95775 /* Frameworks */ = {
			isa = PBXFrameworksBuildPhase;
			buildActionMask = 2147483647;
			files = (
				50DF6004699596699CF20CE6 /* Pods_WeatherApp.framework in Frameworks */,
			);
			runOnlyForDeploymentPostprocessing = 0;
		};
		C792FF6D24E16C7D00F95775 /* Frameworks */ = {
			isa = PBXFrameworksBuildPhase;
			buildActionMask = 2147483647;
			files = (
			);
			runOnlyForDeploymentPostprocessing = 0;
		};
		C792FF7824E16C7D00F95775 /* Frameworks */ = {
			isa = PBXFrameworksBuildPhase;
			buildActionMask = 2147483647;
			files = (
			);
			runOnlyForDeploymentPostprocessing = 0;
		};
/* End PBXFrameworksBuildPhase section */

/* Begin PBXGroup section */
		30471B790B690EA0580F4CE8 /* Pods */ = {
			isa = PBXGroup;
			children = (
				CE99F63EA25FE5BF5A614896 /* Pods-WeatherApp.debug.xcconfig */,
				42AB594AFD88284B9E4C46F4 /* Pods-WeatherApp.release.xcconfig */,
			);
			path = Pods;
			sourceTree = "<group>";
		};
		626D23044892C578051D6E55 /* Frameworks */ = {
			isa = PBXGroup;
			children = (
				8BD8D99D8F07A37744549C67 /* Pods_WeatherApp.framework */,
			);
			name = Frameworks;
			sourceTree = "<group>";
		};
		C76CE7BE25BCA734006FFAC4 /* UseCases */ = {
			isa = PBXGroup;
			children = (
				C792FFAD24F3DB3100F95775 /* SearchCityInteractor.swift */,
				C792FFBA24F7B5A600F95775 /* CitiesInteractor.swift */,
			);
			path = UseCases;
			sourceTree = "<group>";
		};
		C792FF5124E16C7900F95775 = {
			isa = PBXGroup;
			children = (
				C792FF5C24E16C7A00F95775 /* WeatherApp */,
				C792FF5B24E16C7A00F95775 /* Products */,
				30471B790B690EA0580F4CE8 /* Pods */,
				626D23044892C578051D6E55 /* Frameworks */,
			);
			sourceTree = "<group>";
		};
		C792FF5B24E16C7A00F95775 /* Products */ = {
			isa = PBXGroup;
			children = (
				C792FF5A24E16C7900F95775 /* WeatherApp.app */,
				C792FF7024E16C7D00F95775 /* WeatherAppTests.xctest */,
				C792FF7B24E16C7D00F95775 /* WeatherAppUITests.xctest */,
			);
			name = Products;
			sourceTree = "<group>";
		};
		C792FF5C24E16C7A00F95775 /* WeatherApp */ = {
			isa = PBXGroup;
			children = (
				C792FF6B24E16C7D00F95775 /* Info.plist */,
				C7FDDAEE250E100E00211691 /* Application */,
				C7FDDAEB250E0FCF00211691 /* Presentation */,
				C7FDDAE9250E0F7400211691 /* Data */,
				C794BE0425BC4725008C61DB /* Resources */,
				C792FF9524E2F4D300F95775 /* Domain */,
			);
			path = WeatherApp;
			sourceTree = "<group>";
		};
		C792FF9524E2F4D300F95775 /* Domain */ = {
			isa = PBXGroup;
			children = (
				C76CE7BE25BCA734006FFAC4 /* UseCases */,
				C794BDEB25BC38FB008C61DB /* Entities */,
			);
			path = Domain;
			sourceTree = "<group>";
		};
		C794BDDA25BC3877008C61DB /* Network */ = {
			isa = PBXGroup;
			children = (
				C792FF9324E2F4A600F95775 /* NetworkManager.swift */,
			);
			path = Network;
			sourceTree = "<group>";
		};
		C794BDDE25BC3896008C61DB /* PersistentStorage */ = {
			isa = PBXGroup;
			children = (
				C792FFA524E67EF700F95775 /* DataBaseManager.swift */,
			);
			path = PersistentStorage;
			sourceTree = "<group>";
		};
		C794BDEB25BC38FB008C61DB /* Entities */ = {
			isa = PBXGroup;
			children = (
				C792FF9124E2B28400F95775 /* CityWeather.swift */,
				C792FF9624E2F4FF00F95775 /* WeatherData.swift */,
				C792FF9C24E5A4C200F95775 /* UserCities.swift */,
			);
			path = Entities;
			sourceTree = "<group>";
		};
		C794BE0425BC4725008C61DB /* Resources */ = {
			isa = PBXGroup;
			children = (
				C792FF6824E16C7D00F95775 /* LaunchScreen.storyboard */,
				C792FF6624E16C7D00F95775 /* Assets.xcassets */,
			);
			path = Resources;
			sourceTree = "<group>";
		};
		C7FDDAE9250E0F7400211691 /* Data */ = {
			isa = PBXGroup;
			children = (
				C794BDDA25BC3877008C61DB /* Network */,
				C794BDDE25BC3896008C61DB /* PersistentStorage */,
			);
			path = Data;
			sourceTree = "<group>";
		};
		C7FDDAEA250E0FAE00211691 /* UI */ = {
			isa = PBXGroup;
			children = (
				C792FF9824E4150D00F95775 /* AddElementButton.swift */,
				C792FFB824F6E08C00F95775 /* CellFactory.swift */,
				C792FF8F24E2B24A00F95775 /* CityOverviewTableViewCell.swift */,
			);
			path = UI;
			sourceTree = "<group>";
		};
		C7FDDAEB250E0FCF00211691 /* Presentation */ = {
			isa = PBXGroup;
			children = (
				C7FDDAEA250E0FAE00211691 /* UI */,
				C7FDDAED250E0FFB00211691 /* Search */,
				C7FDDAEC250E0FD900211691 /* Main */,
			);
			path = Presentation;
			sourceTree = "<group>";
		};
		C7FDDAEC250E0FD900211691 /* Main */ = {
			isa = PBXGroup;
			children = (
				C792FF8D24E16D6500F95775 /* CitiesViewController.swift */,
				C792FF9E24E5A54700F95775 /* CitiesPresenter.swift */,
				C792FFBC24F7B5BF00F95775 /* CitiesConfigurator.swift */,
				C792FFBE24F7B5CA00F95775 /* CitiesRouter.swift */,
				C792FFC024F7B63F00F95775 /* CitiesProtocols.swift */,
			);
			path = Main;
			sourceTree = "<group>";
		};
		C7FDDAED250E0FFB00211691 /* Search */ = {
			isa = PBXGroup;
			children = (
				C792FF9A24E427F000F95775 /* SearchCityViewController.swift */,
				C792FFA324E5B02C00F95775 /* SearchCityPresenter.swift */,
				C792FFAA24F3DB1000F95775 /* SearchCItyRouter.swift */,
				C792FFB024F3DB5C00F95775 /* SearchCityConfigurator.swift */,
				C792FFB524F3DF3500F95775 /* SearchCityProtocols.swift */,
			);
			path = Search;
			sourceTree = "<group>";
		};
		C7FDDAEE250E100E00211691 /* Application */ = {
			isa = PBXGroup;
			children = (
				C792FF5D24E16C7A00F95775 /* AppDelegate.swift */,
				C792FF5F24E16C7A00F95775 /* SceneDelegate.swift */,
			);
			path = Application;
			sourceTree = "<group>";
		};
/* End PBXGroup section */

/* Begin PBXNativeTarget section */
		C792FF5924E16C7900F95775 /* WeatherApp */ = {
			isa = PBXNativeTarget;
			buildConfigurationList = C792FF8424E16C7D00F95775 /* Build configuration list for PBXNativeTarget "WeatherApp" */;
			buildPhases = (
				9C05854BAE9F1A6D26305241 /* [CP] Check Pods Manifest.lock */,
				C792FF5624E16C7900F95775 /* Sources */,
				C792FF5724E16C7900F95775 /* Frameworks */,
				C792FF5824E16C7900F95775 /* Resources */,
				BF28EE18736B194FF3B0FC4F /* [CP] Embed Pods Frameworks */,
			);
			buildRules = (
			);
			dependencies = (
			);
			name = WeatherApp;
			productName = WeatherApp;
			productReference = C792FF5A24E16C7900F95775 /* WeatherApp.app */;
			productType = "com.apple.product-type.application";
		};
		C792FF6F24E16C7D00F95775 /* WeatherAppTests */ = {
			isa = PBXNativeTarget;
			buildConfigurationList = C792FF8724E16C7D00F95775 /* Build configuration list for PBXNativeTarget "WeatherAppTests" */;
			buildPhases = (
				C792FF6C24E16C7D00F95775 /* Sources */,
				C792FF6D24E16C7D00F95775 /* Frameworks */,
				C792FF6E24E16C7D00F95775 /* Resources */,
			);
			buildRules = (
			);
			dependencies = (
				C792FF7224E16C7D00F95775 /* PBXTargetDependency */,
			);
			name = WeatherAppTests;
			productName = WeatherAppTests;
			productReference = C792FF7024E16C7D00F95775 /* WeatherAppTests.xctest */;
			productType = "com.apple.product-type.bundle.unit-test";
		};
		C792FF7A24E16C7D00F95775 /* WeatherAppUITests */ = {
			isa = PBXNativeTarget;
			buildConfigurationList = C792FF8A24E16C7D00F95775 /* Build configuration list for PBXNativeTarget "WeatherAppUITests" */;
			buildPhases = (
				C792FF7724E16C7D00F95775 /* Sources */,
				C792FF7824E16C7D00F95775 /* Frameworks */,
				C792FF7924E16C7D00F95775 /* Resources */,
			);
			buildRules = (
			);
			dependencies = (
				C792FF7D24E16C7D00F95775 /* PBXTargetDependency */,
			);
			name = WeatherAppUITests;
			productName = WeatherAppUITests;
			productReference = C792FF7B24E16C7D00F95775 /* WeatherAppUITests.xctest */;
			productType = "com.apple.product-type.bundle.ui-testing";
		};
/* End PBXNativeTarget section */

/* Begin PBXProject section */
		C792FF5224E16C7900F95775 /* Project object */ = {
			isa = PBXProject;
			attributes = {
				LastSwiftUpdateCheck = 1160;
				LastUpgradeCheck = 1160;
				ORGANIZATIONNAME = "Машенька";
				TargetAttributes = {
					C792FF5924E16C7900F95775 = {
						CreatedOnToolsVersion = 11.6;
					};
					C792FF6F24E16C7D00F95775 = {
						CreatedOnToolsVersion = 11.6;
						TestTargetID = C792FF5924E16C7900F95775;
					};
					C792FF7A24E16C7D00F95775 = {
						CreatedOnToolsVersion = 11.6;
						TestTargetID = C792FF5924E16C7900F95775;
					};
				};
			};
			buildConfigurationList = C792FF5524E16C7900F95775 /* Build configuration list for PBXProject "WeatherApp" */;
			compatibilityVersion = "Xcode 9.3";
			developmentRegion = en;
			hasScannedForEncodings = 0;
			knownRegions = (
				en,
				Base,
			);
			mainGroup = C792FF5124E16C7900F95775;
			productRefGroup = C792FF5B24E16C7A00F95775 /* Products */;
			projectDirPath = "";
			projectRoot = "";
			targets = (
				C792FF5924E16C7900F95775 /* WeatherApp */,
				C792FF6F24E16C7D00F95775 /* WeatherAppTests */,
				C792FF7A24E16C7D00F95775 /* WeatherAppUITests */,
			);
		};
/* End PBXProject section */

/* Begin PBXResourcesBuildPhase section */
		C792FF5824E16C7900F95775 /* Resources */ = {
			isa = PBXResourcesBuildPhase;
			buildActionMask = 2147483647;
			files = (
				C792FF6A24E16C7D00F95775 /* LaunchScreen.storyboard in Resources */,
				C792FF6724E16C7D00F95775 /* Assets.xcassets in Resources */,
			);
			runOnlyForDeploymentPostprocessing = 0;
		};
		C792FF6E24E16C7D00F95775 /* Resources */ = {
			isa = PBXResourcesBuildPhase;
			buildActionMask = 2147483647;
			files = (
			);
			runOnlyForDeploymentPostprocessing = 0;
		};
		C792FF7924E16C7D00F95775 /* Resources */ = {
			isa = PBXResourcesBuildPhase;
			buildActionMask = 2147483647;
			files = (
			);
			runOnlyForDeploymentPostprocessing = 0;
		};
/* End PBXResourcesBuildPhase section */

/* Begin PBXShellScriptBuildPhase section */
		9C05854BAE9F1A6D26305241 /* [CP] Check Pods Manifest.lock */ = {
			isa = PBXShellScriptBuildPhase;
			buildActionMask = 2147483647;
			files = (
			);
			inputFileListPaths = (
			);
			inputPaths = (
				"${PODS_PODFILE_DIR_PATH}/Podfile.lock",
				"${PODS_ROOT}/Manifest.lock",
			);
			name = "[CP] Check Pods Manifest.lock";
			outputFileListPaths = (
			);
			outputPaths = (
				"$(DERIVED_FILE_DIR)/Pods-WeatherApp-checkManifestLockResult.txt",
			);
			runOnlyForDeploymentPostprocessing = 0;
			shellPath = /bin/sh;
			shellScript = "diff \"${PODS_PODFILE_DIR_PATH}/Podfile.lock\" \"${PODS_ROOT}/Manifest.lock\" > /dev/null\nif [ $? != 0 ] ; then\n    # print error to STDERR\n    echo \"error: The sandbox is not in sync with the Podfile.lock. Run 'pod install' or update your CocoaPods installation.\" >&2\n    exit 1\nfi\n# This output is used by Xcode 'outputs' to avoid re-running this script phase.\necho \"SUCCESS\" > \"${SCRIPT_OUTPUT_FILE_0}\"\n";
			showEnvVarsInLog = 0;
		};
		BF28EE18736B194FF3B0FC4F /* [CP] Embed Pods Frameworks */ = {
			isa = PBXShellScriptBuildPhase;
			buildActionMask = 2147483647;
			files = (
			);
			inputFileListPaths = (
				"${PODS_ROOT}/Target Support Files/Pods-WeatherApp/Pods-WeatherApp-frameworks-${CONFIGURATION}-input-files.xcfilelist",
			);
			name = "[CP] Embed Pods Frameworks";
			outputFileListPaths = (
				"${PODS_ROOT}/Target Support Files/Pods-WeatherApp/Pods-WeatherApp-frameworks-${CONFIGURATION}-output-files.xcfilelist",
			);
			runOnlyForDeploymentPostprocessing = 0;
			shellPath = /bin/sh;
			shellScript = "\"${PODS_ROOT}/Target Support Files/Pods-WeatherApp/Pods-WeatherApp-frameworks.sh\"\n";
			showEnvVarsInLog = 0;
		};
/* End PBXShellScriptBuildPhase section */

/* Begin PBXSourcesBuildPhase section */
		C792FF5624E16C7900F95775 /* Sources */ = {
			isa = PBXSourcesBuildPhase;
			buildActionMask = 2147483647;
			files = (
				C792FFAE24F3DB3100F95775 /* SearchCityInteractor.swift in Sources */,
				C792FF9024E2B24A00F95775 /* CityOverviewTableViewCell.swift in Sources */,
				C792FFB624F3DF3500F95775 /* SearchCityProtocols.swift in Sources */,
				C792FF9B24E427F000F95775 /* SearchCityViewController.swift in Sources */,
				C792FFA624E67EF700F95775 /* DataBaseManager.swift in Sources */,
				C792FF9D24E5A4C200F95775 /* UserCities.swift in Sources */,
				C792FF9224E2B28400F95775 /* CityWeather.swift in Sources */,
				C792FF9424E2F4A600F95775 /* NetworkManager.swift in Sources */,
				C792FF8E24E16D6500F95775 /* CitiesViewController.swift in Sources */,
				C792FF5E24E16C7A00F95775 /* AppDelegate.swift in Sources */,
				C792FFBF24F7B5CA00F95775 /* CitiesRouter.swift in Sources */,
				C792FFB124F3DB5C00F95775 /* SearchCityConfigurator.swift in Sources */,
				C792FFC124F7B63F00F95775 /* CitiesProtocols.swift in Sources */,
				C792FFBD24F7B5BF00F95775 /* CitiesConfigurator.swift in Sources */,
				C792FFBB24F7B5A600F95775 /* CitiesInteractor.swift in Sources */,
				C792FFA424E5B02C00F95775 /* SearchCityPresenter.swift in Sources */,
				C792FF9F24E5A54700F95775 /* CitiesPresenter.swift in Sources */,
				C792FF9724E2F4FF00F95775 /* WeatherData.swift in Sources */,
				C792FFB924F6E08C00F95775 /* CellFactory.swift in Sources */,
				C792FF9924E4150D00F95775 /* AddElementButton.swift in Sources */,
				C792FF6024E16C7A00F95775 /* SceneDelegate.swift in Sources */,
				C792FFAB24F3DB1000F95775 /* SearchCItyRouter.swift in Sources */,
			);
			runOnlyForDeploymentPostprocessing = 0;
		};
		C792FF6C24E16C7D00F95775 /* Sources */ = {
			isa = PBXSourcesBuildPhase;
			buildActionMask = 2147483647;
			files = (
			);
			runOnlyForDeploymentPostprocessing = 0;
		};
		C792FF7724E16C7D00F95775 /* Sources */ = {
			isa = PBXSourcesBuildPhase;
			buildActionMask = 2147483647;
			files = (
			);
			runOnlyForDeploymentPostprocessing = 0;
		};
/* End PBXSourcesBuildPhase section */

/* Begin PBXTargetDependency section */
		C792FF7224E16C7D00F95775 /* PBXTargetDependency */ = {
			isa = PBXTargetDependency;
			target = C792FF5924E16C7900F95775 /* WeatherApp */;
			targetProxy = C792FF7124E16C7D00F95775 /* PBXContainerItemProxy */;
		};
		C792FF7D24E16C7D00F95775 /* PBXTargetDependency */ = {
			isa = PBXTargetDependency;
			target = C792FF5924E16C7900F95775 /* WeatherApp */;
			targetProxy = C792FF7C24E16C7D00F95775 /* PBXContainerItemProxy */;
		};
/* End PBXTargetDependency section */

/* Begin PBXVariantGroup section */
		C792FF6824E16C7D00F95775 /* LaunchScreen.storyboard */ = {
			isa = PBXVariantGroup;
			children = (
				C792FF6924E16C7D00F95775 /* Base */,
			);
			name = LaunchScreen.storyboard;
			sourceTree = "<group>";
		};
/* End PBXVariantGroup section */

/* Begin XCBuildConfiguration section */
		C792FF8224E16C7D00F95775 /* Debug */ = {
			isa = XCBuildConfiguration;
			buildSettings = {
				ALWAYS_SEARCH_USER_PATHS = NO;
				CLANG_ANALYZER_NONNULL = YES;
				CLANG_ANALYZER_NUMBER_OBJECT_CONVERSION = YES_AGGRESSIVE;
				CLANG_CXX_LANGUAGE_STANDARD = "gnu++14";
				CLANG_CXX_LIBRARY = "libc++";
				CLANG_ENABLE_MODULES = YES;
				CLANG_ENABLE_OBJC_ARC = YES;
				CLANG_ENABLE_OBJC_WEAK = YES;
				CLANG_WARN_BLOCK_CAPTURE_AUTORELEASING = YES;
				CLANG_WARN_BOOL_CONVERSION = YES;
				CLANG_WARN_COMMA = YES;
				CLANG_WARN_CONSTANT_CONVERSION = YES;
				CLANG_WARN_DEPRECATED_OBJC_IMPLEMENTATIONS = YES;
				CLANG_WARN_DIRECT_OBJC_ISA_USAGE = YES_ERROR;
				CLANG_WARN_DOCUMENTATION_COMMENTS = YES;
				CLANG_WARN_EMPTY_BODY = YES;
				CLANG_WARN_ENUM_CONVERSION = YES;
				CLANG_WARN_INFINITE_RECURSION = YES;
				CLANG_WARN_INT_CONVERSION = YES;
				CLANG_WARN_NON_LITERAL_NULL_CONVERSION = YES;
				CLANG_WARN_OBJC_IMPLICIT_RETAIN_SELF = YES;
				CLANG_WARN_OBJC_LITERAL_CONVERSION = YES;
				CLANG_WARN_OBJC_ROOT_CLASS = YES_ERROR;
				CLANG_WARN_RANGE_LOOP_ANALYSIS = YES;
				CLANG_WARN_STRICT_PROTOTYPES = YES;
				CLANG_WARN_SUSPICIOUS_MOVE = YES;
				CLANG_WARN_UNGUARDED_AVAILABILITY = YES_AGGRESSIVE;
				CLANG_WARN_UNREACHABLE_CODE = YES;
				CLANG_WARN__DUPLICATE_METHOD_MATCH = YES;
				COPY_PHASE_STRIP = NO;
				DEBUG_INFORMATION_FORMAT = dwarf;
				ENABLE_STRICT_OBJC_MSGSEND = YES;
				ENABLE_TESTABILITY = YES;
				GCC_C_LANGUAGE_STANDARD = gnu11;
				GCC_DYNAMIC_NO_PIC = NO;
				GCC_NO_COMMON_BLOCKS = YES;
				GCC_OPTIMIZATION_LEVEL = 0;
				GCC_PREPROCESSOR_DEFINITIONS = (
					"DEBUG=1",
					"$(inherited)",
				);
				GCC_WARN_64_TO_32_BIT_CONVERSION = YES;
				GCC_WARN_ABOUT_RETURN_TYPE = YES_ERROR;
				GCC_WARN_UNDECLARED_SELECTOR = YES;
				GCC_WARN_UNINITIALIZED_AUTOS = YES_AGGRESSIVE;
				GCC_WARN_UNUSED_FUNCTION = YES;
				GCC_WARN_UNUSED_VARIABLE = YES;
				IPHONEOS_DEPLOYMENT_TARGET = 13.6;
				MTL_ENABLE_DEBUG_INFO = INCLUDE_SOURCE;
				MTL_FAST_MATH = YES;
				ONLY_ACTIVE_ARCH = YES;
				SDKROOT = iphoneos;
				SWIFT_ACTIVE_COMPILATION_CONDITIONS = DEBUG;
				SWIFT_OPTIMIZATION_LEVEL = "-Onone";
			};
			name = Debug;
		};
		C792FF8324E16C7D00F95775 /* Release */ = {
			isa = XCBuildConfiguration;
			buildSettings = {
				ALWAYS_SEARCH_USER_PATHS = NO;
				CLANG_ANALYZER_NONNULL = YES;
				CLANG_ANALYZER_NUMBER_OBJECT_CONVERSION = YES_AGGRESSIVE;
				CLANG_CXX_LANGUAGE_STANDARD = "gnu++14";
				CLANG_CXX_LIBRARY = "libc++";
				CLANG_ENABLE_MODULES = YES;
				CLANG_ENABLE_OBJC_ARC = YES;
				CLANG_ENABLE_OBJC_WEAK = YES;
				CLANG_WARN_BLOCK_CAPTURE_AUTORELEASING = YES;
				CLANG_WARN_BOOL_CONVERSION = YES;
				CLANG_WARN_COMMA = YES;
				CLANG_WARN_CONSTANT_CONVERSION = YES;
				CLANG_WARN_DEPRECATED_OBJC_IMPLEMENTATIONS = YES;
				CLANG_WARN_DIRECT_OBJC_ISA_USAGE = YES_ERROR;
				CLANG_WARN_DOCUMENTATION_COMMENTS = YES;
				CLANG_WARN_EMPTY_BODY = YES;
				CLANG_WARN_ENUM_CONVERSION = YES;
				CLANG_WARN_INFINITE_RECURSION = YES;
				CLANG_WARN_INT_CONVERSION = YES;
				CLANG_WARN_NON_LITERAL_NULL_CONVERSION = YES;
				CLANG_WARN_OBJC_IMPLICIT_RETAIN_SELF = YES;
				CLANG_WARN_OBJC_LITERAL_CONVERSION = YES;
				CLANG_WARN_OBJC_ROOT_CLASS = YES_ERROR;
				CLANG_WARN_RANGE_LOOP_ANALYSIS = YES;
				CLANG_WARN_STRICT_PROTOTYPES = YES;
				CLANG_WARN_SUSPICIOUS_MOVE = YES;
				CLANG_WARN_UNGUARDED_AVAILABILITY = YES_AGGRESSIVE;
				CLANG_WARN_UNREACHABLE_CODE = YES;
				CLANG_WARN__DUPLICATE_METHOD_MATCH = YES;
				COPY_PHASE_STRIP = NO;
				DEBUG_INFORMATION_FORMAT = "dwarf-with-dsym";
				ENABLE_NS_ASSERTIONS = NO;
				ENABLE_STRICT_OBJC_MSGSEND = YES;
				GCC_C_LANGUAGE_STANDARD = gnu11;
				GCC_NO_COMMON_BLOCKS = YES;
				GCC_WARN_64_TO_32_BIT_CONVERSION = YES;
				GCC_WARN_ABOUT_RETURN_TYPE = YES_ERROR;
				GCC_WARN_UNDECLARED_SELECTOR = YES;
				GCC_WARN_UNINITIALIZED_AUTOS = YES_AGGRESSIVE;
				GCC_WARN_UNUSED_FUNCTION = YES;
				GCC_WARN_UNUSED_VARIABLE = YES;
				IPHONEOS_DEPLOYMENT_TARGET = 13.6;
				MTL_ENABLE_DEBUG_INFO = NO;
				MTL_FAST_MATH = YES;
				SDKROOT = iphoneos;
				SWIFT_COMPILATION_MODE = wholemodule;
				SWIFT_OPTIMIZATION_LEVEL = "-O";
				VALIDATE_PRODUCT = YES;
			};
			name = Release;
		};
		C792FF8524E16C7D00F95775 /* Debug */ = {
			isa = XCBuildConfiguration;
			baseConfigurationReference = CE99F63EA25FE5BF5A614896 /* Pods-WeatherApp.debug.xcconfig */;
			buildSettings = {
				ASSETCATALOG_COMPILER_APPICON_NAME = AppIcon;
				CODE_SIGN_STYLE = Automatic;
				DEVELOPMENT_TEAM = 49AM85TS2Z;
				INFOPLIST_FILE = WeatherApp/Info.plist;
				LD_RUNPATH_SEARCH_PATHS = (
					"$(inherited)",
					"@executable_path/Frameworks",
				);
				PRODUCT_BUNDLE_IDENTIFIER = mdeshina.WeatherApp;
				PRODUCT_NAME = "$(TARGET_NAME)";
				SWIFT_VERSION = 5.0;
				TARGETED_DEVICE_FAMILY = "1,2";
			};
			name = Debug;
		};
		C792FF8624E16C7D00F95775 /* Release */ = {
			isa = XCBuildConfiguration;
			baseConfigurationReference = 42AB594AFD88284B9E4C46F4 /* Pods-WeatherApp.release.xcconfig */;
			buildSettings = {
				ASSETCATALOG_COMPILER_APPICON_NAME = AppIcon;
				CODE_SIGN_STYLE = Automatic;
				DEVELOPMENT_TEAM = 49AM85TS2Z;
				INFOPLIST_FILE = WeatherApp/Info.plist;
				LD_RUNPATH_SEARCH_PATHS = (
					"$(inherited)",
					"@executable_path/Frameworks",
				);
				PRODUCT_BUNDLE_IDENTIFIER = mdeshina.WeatherApp;
				PRODUCT_NAME = "$(TARGET_NAME)";
				SWIFT_VERSION = 5.0;
				TARGETED_DEVICE_FAMILY = "1,2";
			};
			name = Release;
		};
		C792FF8824E16C7D00F95775 /* Debug */ = {
			isa = XCBuildConfiguration;
			buildSettings = {
				ALWAYS_EMBED_SWIFT_STANDARD_LIBRARIES = YES;
				BUNDLE_LOADER = "$(TEST_HOST)";
				CODE_SIGN_STYLE = Automatic;
				DEVELOPMENT_TEAM = 49AM85TS2Z;
				INFOPLIST_FILE = WeatherAppTests/Info.plist;
				IPHONEOS_DEPLOYMENT_TARGET = 13.6;
				LD_RUNPATH_SEARCH_PATHS = (
					"$(inherited)",
					"@executable_path/Frameworks",
					"@loader_path/Frameworks",
				);
				PRODUCT_BUNDLE_IDENTIFIER = mdeshina.WeatherAppTests;
				PRODUCT_NAME = "$(TARGET_NAME)";
				SWIFT_VERSION = 5.0;
				TARGETED_DEVICE_FAMILY = "1,2";
				TEST_HOST = "$(BUILT_PRODUCTS_DIR)/WeatherApp.app/WeatherApp";
			};
			name = Debug;
		};
		C792FF8924E16C7D00F95775 /* Release */ = {
			isa = XCBuildConfiguration;
			buildSettings = {
				ALWAYS_EMBED_SWIFT_STANDARD_LIBRARIES = YES;
				BUNDLE_LOADER = "$(TEST_HOST)";
				CODE_SIGN_STYLE = Automatic;
				DEVELOPMENT_TEAM = 49AM85TS2Z;
				INFOPLIST_FILE = WeatherAppTests/Info.plist;
				IPHONEOS_DEPLOYMENT_TARGET = 13.6;
				LD_RUNPATH_SEARCH_PATHS = (
					"$(inherited)",
					"@executable_path/Frameworks",
					"@loader_path/Frameworks",
				);
				PRODUCT_BUNDLE_IDENTIFIER = mdeshina.WeatherAppTests;
				PRODUCT_NAME = "$(TARGET_NAME)";
				SWIFT_VERSION = 5.0;
				TARGETED_DEVICE_FAMILY = "1,2";
				TEST_HOST = "$(BUILT_PRODUCTS_DIR)/WeatherApp.app/WeatherApp";
			};
			name = Release;
		};
		C792FF8B24E16C7D00F95775 /* Debug */ = {
			isa = XCBuildConfiguration;
			buildSettings = {
				ALWAYS_EMBED_SWIFT_STANDARD_LIBRARIES = YES;
				CODE_SIGN_STYLE = Automatic;
				DEVELOPMENT_TEAM = 49AM85TS2Z;
				INFOPLIST_FILE = WeatherAppUITests/Info.plist;
				LD_RUNPATH_SEARCH_PATHS = (
					"$(inherited)",
					"@executable_path/Frameworks",
					"@loader_path/Frameworks",
				);
				PRODUCT_BUNDLE_IDENTIFIER = mdeshina.WeatherAppUITests;
				PRODUCT_NAME = "$(TARGET_NAME)";
				SWIFT_VERSION = 5.0;
				TARGETED_DEVICE_FAMILY = "1,2";
				TEST_TARGET_NAME = WeatherApp;
			};
			name = Debug;
		};
		C792FF8C24E16C7D00F95775 /* Release */ = {
			isa = XCBuildConfiguration;
			buildSettings = {
				ALWAYS_EMBED_SWIFT_STANDARD_LIBRARIES = YES;
				CODE_SIGN_STYLE = Automatic;
				DEVELOPMENT_TEAM = 49AM85TS2Z;
				INFOPLIST_FILE = WeatherAppUITests/Info.plist;
				LD_RUNPATH_SEARCH_PATHS = (
					"$(inherited)",
					"@executable_path/Frameworks",
					"@loader_path/Frameworks",
				);
				PRODUCT_BUNDLE_IDENTIFIER = mdeshina.WeatherAppUITests;
				PRODUCT_NAME = "$(TARGET_NAME)";
				SWIFT_VERSION = 5.0;
				TARGETED_DEVICE_FAMILY = "1,2";
				TEST_TARGET_NAME = WeatherApp;
			};
			name = Release;
		};
/* End XCBuildConfiguration section */

/* Begin XCConfigurationList section */
		C792FF5524E16C7900F95775 /* Build configuration list for PBXProject "WeatherApp" */ = {
			isa = XCConfigurationList;
			buildConfigurations = (
				C792FF8224E16C7D00F95775 /* Debug */,
				C792FF8324E16C7D00F95775 /* Release */,
			);
			defaultConfigurationIsVisible = 0;
			defaultConfigurationName = Release;
		};
		C792FF8424E16C7D00F95775 /* Build configuration list for PBXNativeTarget "WeatherApp" */ = {
			isa = XCConfigurationList;
			buildConfigurations = (
				C792FF8524E16C7D00F95775 /* Debug */,
				C792FF8624E16C7D00F95775 /* Release */,
			);
			defaultConfigurationIsVisible = 0;
			defaultConfigurationName = Release;
		};
		C792FF8724E16C7D00F95775 /* Build configuration list for PBXNativeTarget "WeatherAppTests" */ = {
			isa = XCConfigurationList;
			buildConfigurations = (
				C792FF8824E16C7D00F95775 /* Debug */,
				C792FF8924E16C7D00F95775 /* Release */,
			);
			defaultConfigurationIsVisible = 0;
			defaultConfigurationName = Release;
		};
		C792FF8A24E16C7D00F95775 /* Build configuration list for PBXNativeTarget "WeatherAppUITests" */ = {
			isa = XCConfigurationList;
			buildConfigurations = (
				C792FF8B24E16C7D00F95775 /* Debug */,
				C792FF8C24E16C7D00F95775 /* Release */,
			);
			defaultConfigurationIsVisible = 0;
			defaultConfigurationName = Release;
		};
/* End XCConfigurationList section */
	};
	rootObject = C792FF5224E16C7900F95775 /* Project object */;
}
